
Microsoft Visual Studio Solution File, Format Version 12.00
# Visual Studio Version 16
VisualStudioVersion = 16.0.31729.503
MinimumVisualStudioVersion = 10.0.40219.1
Project("{FAE04EC0-301F-11D3-BF4B-00C04F79EFBC}") = "cola2EjemploN", "cola3Ejemplo\cola2EjemploN.csproj", "{BE79E041-5010-4A46-8892-6D48E9A905D0}"
EndProject
Global
	GlobalSection(SolutionConfigurationPlatforms) = preSolution
		Debug|Any CPU = Debug|Any CPU
		Release|Any CPU = Release|Any CPU
	EndGlobalSection
	GlobalSection(ProjectConfigurationPlatforms) = postSolution
		{BE79E041-5010-4A46-8892-6D48E9A905D0}.Debug|Any CPU.ActiveCfg = Debug|Any CPU
		{BE79E041-5010-4A46-8892-6D48E9A905D0}.Debug|Any CPU.Build.0 = Debug|Any CPU
		{BE79E041-5010-4A46-8892-6D48E9A905D0}.Release|Any CPU.ActiveCfg = Release|Any CPU
		{BE79E041-5010-4A46-8892-6D48E9A905D0}.Release|Any CPU.Build.0 = Release|Any CPU
	EndGlobalSection
	GlobalSection(SolutionProperties) = preSolution
		HideSolutionNode = FALSE
	EndGlobalSection
	GlobalSection(ExtensibilityGlobals) = postSolution
		SolutionGuid = {4212A8C2-4DD6-4A6D-BC82-25417DE01E19}
	EndGlobalSection
EndGlobal
